
Microsoft Visual Studio Solution File, Format Version 12.00
# Visual Studio Version 17
VisualStudioVersion = 17.0.31903.59
MinimumVisualStudioVersion = 10.0.40219.1
Project("{2150E333-8FDC-42A3-9474-1A3956D46DE8}") = "src", "src", "{827E0CD3-B72D-47B6-A68D-7590B98EB39B}"
EndProject
Project("{FAE04EC0-301F-11D3-BF4B-00C04F79EFBC}") = "UserPortal.SharedKernel", "src\UserPortal.SharedKernel\UserPortal.SharedKernel.csproj", "{8D7290A3-FC2E-4376-9799-D043E045CFD1}"
EndProject
Project("{FAE04EC0-301F-11D3-BF4B-00C04F79EFBC}") = "UserPortal.Core", "src\UserPortal.Core\UserPortal.Core.csproj", "{7A474F1C-53F6-448D-9116-F2C4C2302BB3}"
EndProject
Project("{FAE04EC0-301F-11D3-BF4B-00C04F79EFBC}") = "UserPortal.UseCases", "src\UserPortal.UseCases\UserPortal.UseCases.csproj", "{A9D9C992-8062-4AC1-B1D8-9950CA1033E1}"
EndProject
Project("{FAE04EC0-301F-11D3-BF4B-00C04F79EFBC}") = "UserPortal.Infrastructure", "src\UserPortal.Infrastructure\UserPortal.Infrastructure.csproj", "{799E314F-A2E4-4C70-BEEF-456710CF8EA1}"
EndProject
Project("{FAE04EC0-301F-11D3-BF4B-00C04F79EFBC}") = "UserPortal.Web", "src\UserPortal.Web\UserPortal.Web.csproj", "{AA2F957A-0A5A-457F-901A-6510F7A3C72E}"
EndProject
Global
	GlobalSection(SolutionConfigurationPlatforms) = preSolution
		Debug|Any CPU = Debug|Any CPU
		Debug|x64 = Debug|x64
		Debug|x86 = Debug|x86
		Release|Any CPU = Release|Any CPU
		Release|x64 = Release|x64
		Release|x86 = Release|x86
	EndGlobalSection
	GlobalSection(ProjectConfigurationPlatforms) = postSolution
		{8D7290A3-FC2E-4376-9799-D043E045CFD1}.Debug|Any CPU.ActiveCfg = Debug|Any CPU
		{8D7290A3-FC2E-4376-9799-D043E045CFD1}.Debug|Any CPU.Build.0 = Debug|Any CPU
		{8D7290A3-FC2E-4376-9799-D043E045CFD1}.Debug|x64.ActiveCfg = Debug|Any CPU
		{8D7290A3-FC2E-4376-9799-D043E045CFD1}.Debug|x64.Build.0 = Debug|Any CPU
		{8D7290A3-FC2E-4376-9799-D043E045CFD1}.Debug|x86.ActiveCfg = Debug|Any CPU
		{8D7290A3-FC2E-4376-9799-D043E045CFD1}.Debug|x86.Build.0 = Debug|Any CPU
		{8D7290A3-FC2E-4376-9799-D043E045CFD1}.Release|Any CPU.ActiveCfg = Release|Any CPU
		{8D7290A3-FC2E-4376-9799-D043E045CFD1}.Release|Any CPU.Build.0 = Release|Any CPU
		{8D7290A3-FC2E-4376-9799-D043E045CFD1}.Release|x64.ActiveCfg = Release|Any CPU
		{8D7290A3-FC2E-4376-9799-D043E045CFD1}.Release|x64.Build.0 = Release|Any CPU
		{8D7290A3-FC2E-4376-9799-D043E045CFD1}.Release|x86.ActiveCfg = Release|Any CPU
		{8D7290A3-FC2E-4376-9799-D043E045CFD1}.Release|x86.Build.0 = Release|Any CPU
		{7A474F1C-53F6-448D-9116-F2C4C2302BB3}.Debug|Any CPU.ActiveCfg = Debug|Any CPU
		{7A474F1C-53F6-448D-9116-F2C4C2302BB3}.Debug|Any CPU.Build.0 = Debug|Any CPU
		{7A474F1C-53F6-448D-9116-F2C4C2302BB3}.Debug|x64.ActiveCfg = Debug|Any CPU
		{7A474F1C-53F6-448D-9116-F2C4C2302BB3}.Debug|x64.Build.0 = Debug|Any CPU
		{7A474F1C-53F6-448D-9116-F2C4C2302BB3}.Debug|x86.ActiveCfg = Debug|Any CPU
		{7A474F1C-53F6-448D-9116-F2C4C2302BB3}.Debug|x86.Build.0 = Debug|Any CPU
		{7A474F1C-53F6-448D-9116-F2C4C2302BB3}.Release|Any CPU.ActiveCfg = Release|Any CPU
		{7A474F1C-53F6-448D-9116-F2C4C2302BB3}.Release|Any CPU.Build.0 = Release|Any CPU
		{7A474F1C-53F6-448D-9116-F2C4C2302BB3}.Release|x64.ActiveCfg = Release|Any CPU
		{7A474F1C-53F6-448D-9116-F2C4C2302BB3}.Release|x64.Build.0 = Release|Any CPU
		{7A474F1C-53F6-448D-9116-F2C4C2302BB3}.Release|x86.ActiveCfg = Release|Any CPU
		{7A474F1C-53F6-448D-9116-F2C4C2302BB3}.Release|x86.Build.0 = Release|Any CPU
		{A9D9C992-8062-4AC1-B1D8-9950CA1033E1}.Debug|Any CPU.ActiveCfg = Debug|Any CPU
		{A9D9C992-8062-4AC1-B1D8-9950CA1033E1}.Debug|Any CPU.Build.0 = Debug|Any CPU
		{A9D9C992-8062-4AC1-B1D8-9950CA1033E1}.Debug|x64.ActiveCfg = Debug|Any CPU
		{A9D9C992-8062-4AC1-B1D8-9950CA1033E1}.Debug|x64.Build.0 = Debug|Any CPU
		{A9D9C992-8062-4AC1-B1D8-9950CA1033E1}.Debug|x86.ActiveCfg = Debug|Any CPU
		{A9D9C992-8062-4AC1-B1D8-9950CA1033E1}.Debug|x86.Build.0 = Debug|Any CPU
		{A9D9C992-8062-4AC1-B1D8-9950CA1033E1}.Release|Any CPU.ActiveCfg = Release|Any CPU
		{A9D9C992-8062-4AC1-B1D8-9950CA1033E1}.Release|Any CPU.Build.0 = Release|Any CPU
		{A9D9C992-8062-4AC1-B1D8-9950CA1033E1}.Release|x64.ActiveCfg = Release|Any CPU
		{A9D9C992-8062-4AC1-B1D8-9950CA1033E1}.Release|x64.Build.0 = Release|Any CPU
		{A9D9C992-8062-4AC1-B1D8-9950CA1033E1}.Release|x86.ActiveCfg = Release|Any CPU
		{A9D9C992-8062-4AC1-B1D8-9950CA1033E1}.Release|x86.Build.0 = Release|Any CPU
		{799E314F-A2E4-4C70-BEEF-456710CF8EA1}.Debug|Any CPU.ActiveCfg = Debug|Any CPU
		{799E314F-A2E4-4C70-BEEF-456710CF8EA1}.Debug|Any CPU.Build.0 = Debug|Any CPU
		{799E314F-A2E4-4C70-BEEF-456710CF8EA1}.Debug|x64.ActiveCfg = Debug|Any CPU
		{799E314F-A2E4-4C70-BEEF-456710CF8EA1}.Debug|x64.Build.0 = Debug|Any CPU
		{799E314F-A2E4-4C70-BEEF-456710CF8EA1}.Debug|x86.ActiveCfg = Debug|Any CPU
		{799E314F-A2E4-4C70-BEEF-456710CF8EA1}.Debug|x86.Build.0 = Debug|Any CPU
		{799E314F-A2E4-4C70-BEEF-456710CF8EA1}.Release|Any CPU.ActiveCfg = Release|Any CPU
		{799E314F-A2E4-4C70-BEEF-456710CF8EA1}.Release|Any CPU.Build.0 = Release|Any CPU
		{799E314F-A2E4-4C70-BEEF-456710CF8EA1}.Release|x64.ActiveCfg = Release|Any CPU
		{799E314F-A2E4-4C70-BEEF-456710CF8EA1}.Release|x64.Build.0 = Release|Any CPU
		{799E314F-A2E4-4C70-BEEF-456710CF8EA1}.Release|x86.ActiveCfg = Release|Any CPU
		{799E314F-A2E4-4C70-BEEF-456710CF8EA1}.Release|x86.Build.0 = Release|Any CPU
		{AA2F957A-0A5A-457F-901A-6510F7A3C72E}.Debug|Any CPU.ActiveCfg = Debug|Any CPU
		{AA2F957A-0A5A-457F-901A-6510F7A3C72E}.Debug|Any CPU.Build.0 = Debug|Any CPU
		{AA2F957A-0A5A-457F-901A-6510F7A3C72E}.Debug|x64.ActiveCfg = Debug|Any CPU
		{AA2F957A-0A5A-457F-901A-6510F7A3C72E}.Debug|x64.Build.0 = Debug|Any CPU
		{AA2F957A-0A5A-457F-901A-6510F7A3C72E}.Debug|x86.ActiveCfg = Debug|Any CPU
		{AA2F957A-0A5A-457F-901A-6510F7A3C72E}.Debug|x86.Build.0 = Debug|Any CPU
		{AA2F957A-0A5A-457F-901A-6510F7A3C72E}.Release|Any CPU.ActiveCfg = Release|Any CPU
		{AA2F957A-0A5A-457F-901A-6510F7A3C72E}.Release|Any CPU.Build.0 = Release|Any CPU
		{AA2F957A-0A5A-457F-901A-6510F7A3C72E}.Release|x64.ActiveCfg = Release|Any CPU
		{AA2F957A-0A5A-457F-901A-6510F7A3C72E}.Release|x64.Build.0 = Release|Any CPU
		{AA2F957A-0A5A-457F-901A-6510F7A3C72E}.Release|x86.ActiveCfg = Release|Any CPU
		{AA2F957A-0A5A-457F-901A-6510F7A3C72E}.Release|x86.Build.0 = Release|Any CPU
	EndGlobalSection
	GlobalSection(SolutionProperties) = preSolution
		HideSolutionNode = FALSE
	EndGlobalSection
	GlobalSection(NestedProjects) = preSolution
		{8D7290A3-FC2E-4376-9799-D043E045CFD1} = {827E0CD3-B72D-47B6-A68D-7590B98EB39B}
		{7A474F1C-53F6-448D-9116-F2C4C2302BB3} = {827E0CD3-B72D-47B6-A68D-7590B98EB39B}
		{A9D9C992-8062-4AC1-B1D8-9950CA1033E1} = {827E0CD3-B72D-47B6-A68D-7590B98EB39B}
		{799E314F-A2E4-4C70-BEEF-456710CF8EA1} = {827E0CD3-B72D-47B6-A68D-7590B98EB39B}
		{AA2F957A-0A5A-457F-901A-6510F7A3C72E} = {827E0CD3-B72D-47B6-A68D-7590B98EB39B}
	EndGlobalSection
EndGlobal
