
Microsoft Visual Studio Solution File, Format Version 12.00
# Visual Studio Version 17
VisualStudioVersion = 17.0.31903.59
MinimumVisualStudioVersion = 10.0.40219.1
Project("{2150E333-8FDC-42A3-9474-1A3956D46DE8}") = "src", "src", "{827E0CD3-B72D-47B6-A68D-7590B98EB39B}"
EndProject
Project("{FAE04EC0-301F-11D3-BF4B-00C04F79EFBC}") = "UserPortal.SharedKernel", "src\UserPortal.SharedKernel\UserPortal.SharedKernel.csproj", "{8D7290A3-FC2E-4376-9799-D043E045CFD1}"
EndProject
Project("{FAE04EC0-301F-11D3-BF4B-00C04F79EFBC}") = "UserPortal.Core", "src\UserPortal.Core\UserPortal.Core.csproj", "{7A474F1C-53F6-448D-9116-F2C4C2302BB3}"
EndProject
Project("{FAE04EC0-301F-11D3-BF4B-00C04F79EFBC}") = "UserPortal.UseCases", "src\UserPortal.UseCases\UserPortal.UseCases.csproj", "{A9D9C992-8062-4AC1-B1D8-9950CA1033E1}"
EndProject
Project("{FAE04EC0-301F-11D3-BF4B-00C04F79EFBC}") = "UserPortal.Infrastructure", "src\UserPortal.Infrastructure\UserPortal.Infrastructure.csproj", "{799E314F-A2E4-4C70-BEEF-456710CF8EA1}"
EndProject
Project("{FAE04EC0-301F-11D3-BF4B-00C04F79EFBC}") = "UserPortal.Web", "src\UserPortal.Web\UserPortal.Web.csproj", "{AA2F957A-0A5A-457F-901A-6510F7A3C72E}"
EndProject
Project("{2150E333-8FDC-42A3-9474-1A3956D46DE8}") = "test", "test", "{0C88DD14-F956-CE84-757C-A364CCF449FC}"
EndProject
Project("{FAE04EC0-301F-11D3-BF4B-00C04F79EFBC}") = "UserPortal.SharedKernel.Tests", "test\UserPortal.SharedKernel.Tests\UserPortal.SharedKernel.Tests.csproj", "{5DA98F4A-72AE-43BC-81A6-3F76A6F3EE45}"
EndProject
Project("{FAE04EC0-301F-11D3-BF4B-00C04F79EFBC}") = "UserPortal.Core.Tests", "test\UserPortal.Core.Tests\UserPortal.Core.Tests.csproj", "{D52AC140-F8A5-4956-B1B1-BA3C7A5E16FF}"
EndProject
Project("{FAE04EC0-301F-11D3-BF4B-00C04F79EFBC}") = "UserPortal.UseCases.Tests", "test\UserPortal.UseCases.Tests\UserPortal.UseCases.Tests.csproj", "{27716BF1-7EFD-44F6-AA27-1977C0277EE1}"
EndProject
Project("{FAE04EC0-301F-11D3-BF4B-00C04F79EFBC}") = "UserPortal.Infrastructure.Tests", "test\UserPortal.Infrastructure.Tests\UserPortal.Infrastructure.Tests.csproj", "{28DB5810-7509-422C-A10B-ED86440B46CE}"
EndProject
Project("{FAE04EC0-301F-11D3-BF4B-00C04F79EFBC}") = "UserPortal.Web.Tests", "test\UserPortal.Web.Tests\UserPortal.Web.Tests.csproj", "{10CC6078-2A22-4A36-8AE1-BA2254CFE4B2}"
EndProject
Global
	GlobalSection(SolutionConfigurationPlatforms) = preSolution
		Debug|Any CPU = Debug|Any CPU
		Debug|x64 = Debug|x64
		Debug|x86 = Debug|x86
		Release|Any CPU = Release|Any CPU
		Release|x64 = Release|x64
		Release|x86 = Release|x86
	EndGlobalSection
	GlobalSection(ProjectConfigurationPlatforms) = postSolution
		{8D7290A3-FC2E-4376-9799-D043E045CFD1}.Debug|Any CPU.ActiveCfg = Debug|Any CPU
		{8D7290A3-FC2E-4376-9799-D043E045CFD1}.Debug|Any CPU.Build.0 = Debug|Any CPU
		{8D7290A3-FC2E-4376-9799-D043E045CFD1}.Debug|x64.ActiveCfg = Debug|Any CPU
		{8D7290A3-FC2E-4376-9799-D043E045CFD1}.Debug|x64.Build.0 = Debug|Any CPU
		{8D7290A3-FC2E-4376-9799-D043E045CFD1}.Debug|x86.ActiveCfg = Debug|Any CPU
		{8D7290A3-FC2E-4376-9799-D043E045CFD1}.Debug|x86.Build.0 = Debug|Any CPU
		{8D7290A3-FC2E-4376-9799-D043E045CFD1}.Release|Any CPU.ActiveCfg = Release|Any CPU
		{8D7290A3-FC2E-4376-9799-D043E045CFD1}.Release|Any CPU.Build.0 = Release|Any CPU
		{8D7290A3-FC2E-4376-9799-D043E045CFD1}.Release|x64.ActiveCfg = Release|Any CPU
		{8D7290A3-FC2E-4376-9799-D043E045CFD1}.Release|x64.Build.0 = Release|Any CPU
		{8D7290A3-FC2E-4376-9799-D043E045CFD1}.Release|x86.ActiveCfg = Release|Any CPU
		{8D7290A3-FC2E-4376-9799-D043E045CFD1}.Release|x86.Build.0 = Release|Any CPU
		{7A474F1C-53F6-448D-9116-F2C4C2302BB3}.Debug|Any CPU.ActiveCfg = Debug|Any CPU
		{7A474F1C-53F6-448D-9116-F2C4C2302BB3}.Debug|Any CPU.Build.0 = Debug|Any CPU
		{7A474F1C-53F6-448D-9116-F2C4C2302BB3}.Debug|x64.ActiveCfg = Debug|Any CPU
		{7A474F1C-53F6-448D-9116-F2C4C2302BB3}.Debug|x64.Build.0 = Debug|Any CPU
		{7A474F1C-53F6-448D-9116-F2C4C2302BB3}.Debug|x86.ActiveCfg = Debug|Any CPU
		{7A474F1C-53F6-448D-9116-F2C4C2302BB3}.Debug|x86.Build.0 = Debug|Any CPU
		{7A474F1C-53F6-448D-9116-F2C4C2302BB3}.Release|Any CPU.ActiveCfg = Release|Any CPU
		{7A474F1C-53F6-448D-9116-F2C4C2302BB3}.Release|Any CPU.Build.0 = Release|Any CPU
		{7A474F1C-53F6-448D-9116-F2C4C2302BB3}.Release|x64.ActiveCfg = Release|Any CPU
		{7A474F1C-53F6-448D-9116-F2C4C2302BB3}.Release|x64.Build.0 = Release|Any CPU
		{7A474F1C-53F6-448D-9116-F2C4C2302BB3}.Release|x86.ActiveCfg = Release|Any CPU
		{7A474F1C-53F6-448D-9116-F2C4C2302BB3}.Release|x86.Build.0 = Release|Any CPU
		{A9D9C992-8062-4AC1-B1D8-9950CA1033E1}.Debug|Any CPU.ActiveCfg = Debug|Any CPU
		{A9D9C992-8062-4AC1-B1D8-9950CA1033E1}.Debug|Any CPU.Build.0 = Debug|Any CPU
		{A9D9C992-8062-4AC1-B1D8-9950CA1033E1}.Debug|x64.ActiveCfg = Debug|Any CPU
		{A9D9C992-8062-4AC1-B1D8-9950CA1033E1}.Debug|x64.Build.0 = Debug|Any CPU
		{A9D9C992-8062-4AC1-B1D8-9950CA1033E1}.Debug|x86.ActiveCfg = Debug|Any CPU
		{A9D9C992-8062-4AC1-B1D8-9950CA1033E1}.Debug|x86.Build.0 = Debug|Any CPU
		{A9D9C992-8062-4AC1-B1D8-9950CA1033E1}.Release|Any CPU.ActiveCfg = Release|Any CPU
		{A9D9C992-8062-4AC1-B1D8-9950CA1033E1}.Release|Any CPU.Build.0 = Release|Any CPU
		{A9D9C992-8062-4AC1-B1D8-9950CA1033E1}.Release|x64.ActiveCfg = Release|Any CPU
		{A9D9C992-8062-4AC1-B1D8-9950CA1033E1}.Release|x64.Build.0 = Release|Any CPU
		{A9D9C992-8062-4AC1-B1D8-9950CA1033E1}.Release|x86.ActiveCfg = Release|Any CPU
		{A9D9C992-8062-4AC1-B1D8-9950CA1033E1}.Release|x86.Build.0 = Release|Any CPU
		{799E314F-A2E4-4C70-BEEF-456710CF8EA1}.Debug|Any CPU.ActiveCfg = Debug|Any CPU
		{799E314F-A2E4-4C70-BEEF-456710CF8EA1}.Debug|Any CPU.Build.0 = Debug|Any CPU
		{799E314F-A2E4-4C70-BEEF-456710CF8EA1}.Debug|x64.ActiveCfg = Debug|Any CPU
		{799E314F-A2E4-4C70-BEEF-456710CF8EA1}.Debug|x64.Build.0 = Debug|Any CPU
		{799E314F-A2E4-4C70-BEEF-456710CF8EA1}.Debug|x86.ActiveCfg = Debug|Any CPU
		{799E314F-A2E4-4C70-BEEF-456710CF8EA1}.Debug|x86.Build.0 = Debug|Any CPU
		{799E314F-A2E4-4C70-BEEF-456710CF8EA1}.Release|Any CPU.ActiveCfg = Release|Any CPU
		{799E314F-A2E4-4C70-BEEF-456710CF8EA1}.Release|Any CPU.Build.0 = Release|Any CPU
		{799E314F-A2E4-4C70-BEEF-456710CF8EA1}.Release|x64.ActiveCfg = Release|Any CPU
		{799E314F-A2E4-4C70-BEEF-456710CF8EA1}.Release|x64.Build.0 = Release|Any CPU
		{799E314F-A2E4-4C70-BEEF-456710CF8EA1}.Release|x86.ActiveCfg = Release|Any CPU
		{799E314F-A2E4-4C70-BEEF-456710CF8EA1}.Release|x86.Build.0 = Release|Any CPU
		{AA2F957A-0A5A-457F-901A-6510F7A3C72E}.Debug|Any CPU.ActiveCfg = Debug|Any CPU
		{AA2F957A-0A5A-457F-901A-6510F7A3C72E}.Debug|Any CPU.Build.0 = Debug|Any CPU
		{AA2F957A-0A5A-457F-901A-6510F7A3C72E}.Debug|x64.ActiveCfg = Debug|Any CPU
		{AA2F957A-0A5A-457F-901A-6510F7A3C72E}.Debug|x64.Build.0 = Debug|Any CPU
		{AA2F957A-0A5A-457F-901A-6510F7A3C72E}.Debug|x86.ActiveCfg = Debug|Any CPU
		{AA2F957A-0A5A-457F-901A-6510F7A3C72E}.Debug|x86.Build.0 = Debug|Any CPU
		{AA2F957A-0A5A-457F-901A-6510F7A3C72E}.Release|Any CPU.ActiveCfg = Release|Any CPU
		{AA2F957A-0A5A-457F-901A-6510F7A3C72E}.Release|Any CPU.Build.0 = Release|Any CPU
		{AA2F957A-0A5A-457F-901A-6510F7A3C72E}.Release|x64.ActiveCfg = Release|Any CPU
		{AA2F957A-0A5A-457F-901A-6510F7A3C72E}.Release|x64.Build.0 = Release|Any CPU
		{AA2F957A-0A5A-457F-901A-6510F7A3C72E}.Release|x86.ActiveCfg = Release|Any CPU
		{AA2F957A-0A5A-457F-901A-6510F7A3C72E}.Release|x86.Build.0 = Release|Any CPU
		{5DA98F4A-72AE-43BC-81A6-3F76A6F3EE45}.Debug|Any CPU.ActiveCfg = Debug|Any CPU
		{5DA98F4A-72AE-43BC-81A6-3F76A6F3EE45}.Debug|Any CPU.Build.0 = Debug|Any CPU
		{5DA98F4A-72AE-43BC-81A6-3F76A6F3EE45}.Debug|x64.ActiveCfg = Debug|Any CPU
		{5DA98F4A-72AE-43BC-81A6-3F76A6F3EE45}.Debug|x64.Build.0 = Debug|Any CPU
		{5DA98F4A-72AE-43BC-81A6-3F76A6F3EE45}.Debug|x86.ActiveCfg = Debug|Any CPU
		{5DA98F4A-72AE-43BC-81A6-3F76A6F3EE45}.Debug|x86.Build.0 = Debug|Any CPU
		{5DA98F4A-72AE-43BC-81A6-3F76A6F3EE45}.Release|Any CPU.ActiveCfg = Release|Any CPU
		{5DA98F4A-72AE-43BC-81A6-3F76A6F3EE45}.Release|Any CPU.Build.0 = Release|Any CPU
		{5DA98F4A-72AE-43BC-81A6-3F76A6F3EE45}.Release|x64.ActiveCfg = Release|Any CPU
		{5DA98F4A-72AE-43BC-81A6-3F76A6F3EE45}.Release|x64.Build.0 = Release|Any CPU
		{5DA98F4A-72AE-43BC-81A6-3F76A6F3EE45}.Release|x86.ActiveCfg = Release|Any CPU
		{5DA98F4A-72AE-43BC-81A6-3F76A6F3EE45}.Release|x86.Build.0 = Release|Any CPU
		{D52AC140-F8A5-4956-B1B1-BA3C7A5E16FF}.Debug|Any CPU.ActiveCfg = Debug|Any CPU
		{D52AC140-F8A5-4956-B1B1-BA3C7A5E16FF}.Debug|Any CPU.Build.0 = Debug|Any CPU
		{D52AC140-F8A5-4956-B1B1-BA3C7A5E16FF}.Debug|x64.ActiveCfg = Debug|Any CPU
		{D52AC140-F8A5-4956-B1B1-BA3C7A5E16FF}.Debug|x64.Build.0 = Debug|Any CPU
		{D52AC140-F8A5-4956-B1B1-BA3C7A5E16FF}.Debug|x86.ActiveCfg = Debug|Any CPU
		{D52AC140-F8A5-4956-B1B1-BA3C7A5E16FF}.Debug|x86.Build.0 = Debug|Any CPU
		{D52AC140-F8A5-4956-B1B1-BA3C7A5E16FF}.Release|Any CPU.ActiveCfg = Release|Any CPU
		{D52AC140-F8A5-4956-B1B1-BA3C7A5E16FF}.Release|Any CPU.Build.0 = Release|Any CPU
		{D52AC140-F8A5-4956-B1B1-BA3C7A5E16FF}.Release|x64.ActiveCfg = Release|Any CPU
		{D52AC140-F8A5-4956-B1B1-BA3C7A5E16FF}.Release|x64.Build.0 = Release|Any CPU
		{D52AC140-F8A5-4956-B1B1-BA3C7A5E16FF}.Release|x86.ActiveCfg = Release|Any CPU
		{D52AC140-F8A5-4956-B1B1-BA3C7A5E16FF}.Release|x86.Build.0 = Release|Any CPU
		{27716BF1-7EFD-44F6-AA27-1977C0277EE1}.Debug|Any CPU.ActiveCfg = Debug|Any CPU
		{27716BF1-7EFD-44F6-AA27-1977C0277EE1}.Debug|Any CPU.Build.0 = Debug|Any CPU
		{27716BF1-7EFD-44F6-AA27-1977C0277EE1}.Debug|x64.ActiveCfg = Debug|Any CPU
		{27716BF1-7EFD-44F6-AA27-1977C0277EE1}.Debug|x64.Build.0 = Debug|Any CPU
		{27716BF1-7EFD-44F6-AA27-1977C0277EE1}.Debug|x86.ActiveCfg = Debug|Any CPU
		{27716BF1-7EFD-44F6-AA27-1977C0277EE1}.Debug|x86.Build.0 = Debug|Any CPU
		{27716BF1-7EFD-44F6-AA27-1977C0277EE1}.Release|Any CPU.ActiveCfg = Release|Any CPU
		{27716BF1-7EFD-44F6-AA27-1977C0277EE1}.Release|Any CPU.Build.0 = Release|Any CPU
		{27716BF1-7EFD-44F6-AA27-1977C0277EE1}.Release|x64.ActiveCfg = Release|Any CPU
		{27716BF1-7EFD-44F6-AA27-1977C0277EE1}.Release|x64.Build.0 = Release|Any CPU
		{27716BF1-7EFD-44F6-AA27-1977C0277EE1}.Release|x86.ActiveCfg = Release|Any CPU
		{27716BF1-7EFD-44F6-AA27-1977C0277EE1}.Release|x86.Build.0 = Release|Any CPU
		{28DB5810-7509-422C-A10B-ED86440B46CE}.Debug|Any CPU.ActiveCfg = Debug|Any CPU
		{28DB5810-7509-422C-A10B-ED86440B46CE}.Debug|Any CPU.Build.0 = Debug|Any CPU
		{28DB5810-7509-422C-A10B-ED86440B46CE}.Debug|x64.ActiveCfg = Debug|Any CPU
		{28DB5810-7509-422C-A10B-ED86440B46CE}.Debug|x64.Build.0 = Debug|Any CPU
		{28DB5810-7509-422C-A10B-ED86440B46CE}.Debug|x86.ActiveCfg = Debug|Any CPU
		{28DB5810-7509-422C-A10B-ED86440B46CE}.Debug|x86.Build.0 = Debug|Any CPU
		{28DB5810-7509-422C-A10B-ED86440B46CE}.Release|Any CPU.ActiveCfg = Release|Any CPU
		{28DB5810-7509-422C-A10B-ED86440B46CE}.Release|Any CPU.Build.0 = Release|Any CPU
		{28DB5810-7509-422C-A10B-ED86440B46CE}.Release|x64.ActiveCfg = Release|Any CPU
		{28DB5810-7509-422C-A10B-ED86440B46CE}.Release|x64.Build.0 = Release|Any CPU
		{28DB5810-7509-422C-A10B-ED86440B46CE}.Release|x86.ActiveCfg = Release|Any CPU
		{28DB5810-7509-422C-A10B-ED86440B46CE}.Release|x86.Build.0 = Release|Any CPU
		{10CC6078-2A22-4A36-8AE1-BA2254CFE4B2}.Debug|Any CPU.ActiveCfg = Debug|Any CPU
		{10CC6078-2A22-4A36-8AE1-BA2254CFE4B2}.Debug|Any CPU.Build.0 = Debug|Any CPU
		{10CC6078-2A22-4A36-8AE1-BA2254CFE4B2}.Debug|x64.ActiveCfg = Debug|Any CPU
		{10CC6078-2A22-4A36-8AE1-BA2254CFE4B2}.Debug|x64.Build.0 = Debug|Any CPU
		{10CC6078-2A22-4A36-8AE1-BA2254CFE4B2}.Debug|x86.ActiveCfg = Debug|Any CPU
		{10CC6078-2A22-4A36-8AE1-BA2254CFE4B2}.Debug|x86.Build.0 = Debug|Any CPU
		{10CC6078-2A22-4A36-8AE1-BA2254CFE4B2}.Release|Any CPU.ActiveCfg = Release|Any CPU
		{10CC6078-2A22-4A36-8AE1-BA2254CFE4B2}.Release|Any CPU.Build.0 = Release|Any CPU
		{10CC6078-2A22-4A36-8AE1-BA2254CFE4B2}.Release|x64.ActiveCfg = Release|Any CPU
		{10CC6078-2A22-4A36-8AE1-BA2254CFE4B2}.Release|x64.Build.0 = Release|Any CPU
		{10CC6078-2A22-4A36-8AE1-BA2254CFE4B2}.Release|x86.ActiveCfg = Release|Any CPU
		{10CC6078-2A22-4A36-8AE1-BA2254CFE4B2}.Release|x86.Build.0 = Release|Any CPU
	EndGlobalSection
	GlobalSection(SolutionProperties) = preSolution
		HideSolutionNode = FALSE
	EndGlobalSection
	GlobalSection(NestedProjects) = preSolution
		{8D7290A3-FC2E-4376-9799-D043E045CFD1} = {827E0CD3-B72D-47B6-A68D-7590B98EB39B}
		{7A474F1C-53F6-448D-9116-F2C4C2302BB3} = {827E0CD3-B72D-47B6-A68D-7590B98EB39B}
		{A9D9C992-8062-4AC1-B1D8-9950CA1033E1} = {827E0CD3-B72D-47B6-A68D-7590B98EB39B}
		{799E314F-A2E4-4C70-BEEF-456710CF8EA1} = {827E0CD3-B72D-47B6-A68D-7590B98EB39B}
		{AA2F957A-0A5A-457F-901A-6510F7A3C72E} = {827E0CD3-B72D-47B6-A68D-7590B98EB39B}
		{5DA98F4A-72AE-43BC-81A6-3F76A6F3EE45} = {0C88DD14-F956-CE84-757C-A364CCF449FC}
		{D52AC140-F8A5-4956-B1B1-BA3C7A5E16FF} = {0C88DD14-F956-CE84-757C-A364CCF449FC}
		{27716BF1-7EFD-44F6-AA27-1977C0277EE1} = {0C88DD14-F956-CE84-757C-A364CCF449FC}
		{28DB5810-7509-422C-A10B-ED86440B46CE} = {0C88DD14-F956-CE84-757C-A364CCF449FC}
		{10CC6078-2A22-4A36-8AE1-BA2254CFE4B2} = {0C88DD14-F956-CE84-757C-A364CCF449FC}
	EndGlobalSection
EndGlobal
